// !$*UTF8*$!
{
	archiveVersion = 1;
	classes = {
	};
	objectVersion = 46;
	objects = {

/* Begin PBXBuildFile section */
		A970F2451AD94CCB00A534AD /* Date.swift in Sources */ = {isa = PBXBuildFile; fileRef = A970F2441AD94CCB00A534AD /* Date.swift */; };
		A970F2471AD9593D00A534AD /* AddTaskViewController.swift in Sources */ = {isa = PBXBuildFile; fileRef = A970F2461AD9593D00A534AD /* AddTaskViewController.swift */; };
		A971C0491AE029BE006252F2 /* TaskIt.xcdatamodeld in Sources */ = {isa = PBXBuildFile; fileRef = A971C0471AE029BE006252F2 /* TaskIt.xcdatamodeld */; };
		A971C04B1AE02A1E006252F2 /* TaskModel.swift in Sources */ = {isa = PBXBuildFile; fileRef = A971C04A1AE02A1E006252F2 /* TaskModel.swift */; };
		A98E5BDC1AD5CB5100E05736 /* AppDelegate.swift in Sources */ = {isa = PBXBuildFile; fileRef = A98E5BDB1AD5CB5100E05736 /* AppDelegate.swift */; };
		A98E5BDE1AD5CB5100E05736 /* ViewController.swift in Sources */ = {isa = PBXBuildFile; fileRef = A98E5BDD1AD5CB5100E05736 /* ViewController.swift */; };
		A98E5BE11AD5CB5100E05736 /* Main.storyboard in Resources */ = {isa = PBXBuildFile; fileRef = A98E5BDF1AD5CB5100E05736 /* Main.storyboard */; };
		A98E5BE31AD5CB5100E05736 /* Images.xcassets in Resources */ = {isa = PBXBuildFile; fileRef = A98E5BE21AD5CB5100E05736 /* Images.xcassets */; };
		A98E5BE61AD5CB5100E05736 /* LaunchScreen.xib in Resources */ = {isa = PBXBuildFile; fileRef = A98E5BE41AD5CB5100E05736 /* LaunchScreen.xib */; };
		A98E5BF21AD5CB5100E05736 /* TaskItTests.swift in Sources */ = {isa = PBXBuildFile; fileRef = A98E5BF11AD5CB5100E05736 /* TaskItTests.swift */; };
		A98E5BFC1AD5D7D300E05736 /* TaskCell.swift in Sources */ = {isa = PBXBuildFile; fileRef = A98E5BFB1AD5D7D300E05736 /* TaskCell.swift */; };
		A98E5C001AD937DE00E05736 /* TaskDetailViewController.swift in Sources */ = {isa = PBXBuildFile; fileRef = A98E5BFF1AD937DE00E05736 /* TaskDetailViewController.swift */; };
		A9B619221B120DBA003563E0 /* ModelManager.swift in Sources */ = {isa = PBXBuildFile; fileRef = A9B619211B120DBA003563E0 /* ModelManager.swift */; };
		A9FD06241B079F460082D334 /* SettingsViewController.swift in Sources */ = {isa = PBXBuildFile; fileRef = A9FD06231B079F460082D334 /* SettingsViewController.swift */; };
/* End PBXBuildFile section */

/* Begin PBXContainerItemProxy section */
		A98E5BEC1AD5CB5100E05736 /* PBXContainerItemProxy */ = {
			isa = PBXContainerItemProxy;
			containerPortal = A98E5BCE1AD5CB5100E05736 /* Project object */;
			proxyType = 1;
			remoteGlobalIDString = A98E5BD51AD5CB5100E05736;
			remoteInfo = TaskIt;
		};
/* End PBXContainerItemProxy section */

/* Begin PBXFileReference section */
		A970F2441AD94CCB00A534AD /* Date.swift */ = {isa = PBXFileReference; fileEncoding = 4; lastKnownFileType = sourcecode.swift; path = Date.swift; sourceTree = "<group>"; };
		A970F2461AD9593D00A534AD /* AddTaskViewController.swift */ = {isa = PBXFileReference; fileEncoding = 4; lastKnownFileType = sourcecode.swift; path = AddTaskViewController.swift; sourceTree = "<group>"; };
		A971C0481AE029BE006252F2 /* TaskIt.xcdatamodel */ = {isa = PBXFileReference; lastKnownFileType = wrapper.xcdatamodel; path = TaskIt.xcdatamodel; sourceTree = "<group>"; };
		A971C04A1AE02A1E006252F2 /* TaskModel.swift */ = {isa = PBXFileReference; fileEncoding = 4; lastKnownFileType = sourcecode.swift; path = TaskModel.swift; sourceTree = "<group>"; };
		A98E5BD61AD5CB5100E05736 /* TaskIt.app */ = {isa = PBXFileReference; explicitFileType = wrapper.application; includeInIndex = 0; path = TaskIt.app; sourceTree = BUILT_PRODUCTS_DIR; };
		A98E5BDA1AD5CB5100E05736 /* Info.plist */ = {isa = PBXFileReference; lastKnownFileType = text.plist.xml; path = Info.plist; sourceTree = "<group>"; };
		A98E5BDB1AD5CB5100E05736 /* AppDelegate.swift */ = {isa = PBXFileReference; lastKnownFileType = sourcecode.swift; path = AppDelegate.swift; sourceTree = "<group>"; };
		A98E5BDD1AD5CB5100E05736 /* ViewController.swift */ = {isa = PBXFileReference; lastKnownFileType = sourcecode.swift; path = ViewController.swift; sourceTree = "<group>"; };
		A98E5BE01AD5CB5100E05736 /* Base */ = {isa = PBXFileReference; lastKnownFileType = file.storyboard; name = Base; path = Base.lproj/Main.storyboard; sourceTree = "<group>"; };
		A98E5BE21AD5CB5100E05736 /* Images.xcassets */ = {isa = PBXFileReference; lastKnownFileType = folder.assetcatalog; path = Images.xcassets; sourceTree = "<group>"; };
		A98E5BE51AD5CB5100E05736 /* Base */ = {isa = PBXFileReference; lastKnownFileType = file.xib; name = Base; path = Base.lproj/LaunchScreen.xib; sourceTree = "<group>"; };
		A98E5BEB1AD5CB5100E05736 /* TaskItTests.xctest */ = {isa = PBXFileReference; explicitFileType = wrapper.cfbundle; includeInIndex = 0; path = TaskItTests.xctest; sourceTree = BUILT_PRODUCTS_DIR; };
		A98E5BF01AD5CB5100E05736 /* Info.plist */ = {isa = PBXFileReference; lastKnownFileType = text.plist.xml; path = Info.plist; sourceTree = "<group>"; };
		A98E5BF11AD5CB5100E05736 /* TaskItTests.swift */ = {isa = PBXFileReference; lastKnownFileType = sourcecode.swift; path = TaskItTests.swift; sourceTree = "<group>"; };
		A98E5BFB1AD5D7D300E05736 /* TaskCell.swift */ = {isa = PBXFileReference; fileEncoding = 4; lastKnownFileType = sourcecode.swift; path = TaskCell.swift; sourceTree = "<group>"; };
		A98E5BFF1AD937DE00E05736 /* TaskDetailViewController.swift */ = {isa = PBXFileReference; fileEncoding = 4; lastKnownFileType = sourcecode.swift; path = TaskDetailViewController.swift; sourceTree = "<group>"; };
		A9B619211B120DBA003563E0 /* ModelManager.swift */ = {isa = PBXFileReference; fileEncoding = 4; lastKnownFileType = sourcecode.swift; path = ModelManager.swift; sourceTree = "<group>"; };
		A9D3737E1B120A240005AE24 /* TaskIt.entitlements */ = {isa = PBXFileReference; lastKnownFileType = text.xml; path = TaskIt.entitlements; sourceTree = "<group>"; };
		A9FD06231B079F460082D334 /* SettingsViewController.swift */ = {isa = PBXFileReference; fileEncoding = 4; lastKnownFileType = sourcecode.swift; path = SettingsViewController.swift; sourceTree = "<group>"; };
/* End PBXFileReference section */

/* Begin PBXFrameworksBuildPhase section */
		A98E5BD31AD5CB5100E05736 /* Frameworks */ = {
			isa = PBXFrameworksBuildPhase;
			buildActionMask = 2147483647;
			files = (
			);
			runOnlyForDeploymentPostprocessing = 0;
		};
		A98E5BE81AD5CB5100E05736 /* Frameworks */ = {
			isa = PBXFrameworksBuildPhase;
			buildActionMask = 2147483647;
			files = (
			);
			runOnlyForDeploymentPostprocessing = 0;
		};
/* End PBXFrameworksBuildPhase section */

/* Begin PBXGroup section */
		A98E5BCD1AD5CB5100E05736 = {
			isa = PBXGroup;
			children = (
				A98E5BD81AD5CB5100E05736 /* TaskIt */,
				A98E5BEE1AD5CB5100E05736 /* TaskItTests */,
				A98E5BD71AD5CB5100E05736 /* Products */,
			);
			sourceTree = "<group>";
		};
		A98E5BD71AD5CB5100E05736 /* Products */ = {
			isa = PBXGroup;
			children = (
				A98E5BD61AD5CB5100E05736 /* TaskIt.app */,
				A98E5BEB1AD5CB5100E05736 /* TaskItTests.xctest */,
			);
			name = Products;
			sourceTree = "<group>";
		};
		A98E5BD81AD5CB5100E05736 /* TaskIt */ = {
			isa = PBXGroup;
			children = (
				A9D3737E1B120A240005AE24 /* TaskIt.entitlements */,
				A971C04A1AE02A1E006252F2 /* TaskModel.swift */,
				A98E5BDB1AD5CB5100E05736 /* AppDelegate.swift */,
				A971C0471AE029BE006252F2 /* TaskIt.xcdatamodeld */,
				A98E5BDD1AD5CB5100E05736 /* ViewController.swift */,
				A970F2441AD94CCB00A534AD /* Date.swift */,
				A98E5BDF1AD5CB5100E05736 /* Main.storyboard */,
				A9FD06231B079F460082D334 /* SettingsViewController.swift */,
				A98E5BFF1AD937DE00E05736 /* TaskDetailViewController.swift */,
				A970F2461AD9593D00A534AD /* AddTaskViewController.swift */,
				A9B619211B120DBA003563E0 /* ModelManager.swift */,
				A98E5BFB1AD5D7D300E05736 /* TaskCell.swift */,
				A98E5BE21AD5CB5100E05736 /* Images.xcassets */,
				A98E5BE41AD5CB5100E05736 /* LaunchScreen.xib */,
				A98E5BD91AD5CB5100E05736 /* Supporting Files */,
			);
			path = TaskIt;
			sourceTree = "<group>";
		};
		A98E5BD91AD5CB5100E05736 /* Supporting Files */ = {
			isa = PBXGroup;
			children = (
				A98E5BDA1AD5CB5100E05736 /* Info.plist */,
			);
			name = "Supporting Files";
			sourceTree = "<group>";
		};
		A98E5BEE1AD5CB5100E05736 /* TaskItTests */ = {
			isa = PBXGroup;
			children = (
				A98E5BF11AD5CB5100E05736 /* TaskItTests.swift */,
				A98E5BEF1AD5CB5100E05736 /* Supporting Files */,
			);
			path = TaskItTests;
			sourceTree = "<group>";
		};
		A98E5BEF1AD5CB5100E05736 /* Supporting Files */ = {
			isa = PBXGroup;
			children = (
				A98E5BF01AD5CB5100E05736 /* Info.plist */,
			);
			name = "Supporting Files";
			sourceTree = "<group>";
		};
/* End PBXGroup section */

/* Begin PBXNativeTarget section */
		A98E5BD51AD5CB5100E05736 /* TaskIt */ = {
			isa = PBXNativeTarget;
			buildConfigurationList = A98E5BF51AD5CB5100E05736 /* Build configuration list for PBXNativeTarget "TaskIt" */;
			buildPhases = (
				A98E5BD21AD5CB5100E05736 /* Sources */,
				A98E5BD31AD5CB5100E05736 /* Frameworks */,
				A98E5BD41AD5CB5100E05736 /* Resources */,
			);
			buildRules = (
			);
			dependencies = (
			);
			name = TaskIt;
			productName = TaskIt;
			productReference = A98E5BD61AD5CB5100E05736 /* TaskIt.app */;
			productType = "com.apple.product-type.application";
		};
		A98E5BEA1AD5CB5100E05736 /* TaskItTests */ = {
			isa = PBXNativeTarget;
			buildConfigurationList = A98E5BF81AD5CB5100E05736 /* Build configuration list for PBXNativeTarget "TaskItTests" */;
			buildPhases = (
				A98E5BE71AD5CB5100E05736 /* Sources */,
				A98E5BE81AD5CB5100E05736 /* Frameworks */,
				A98E5BE91AD5CB5100E05736 /* Resources */,
			);
			buildRules = (
			);
			dependencies = (
				A98E5BED1AD5CB5100E05736 /* PBXTargetDependency */,
			);
			name = TaskItTests;
			productName = TaskItTests;
			productReference = A98E5BEB1AD5CB5100E05736 /* TaskItTests.xctest */;
			productType = "com.apple.product-type.bundle.unit-test";
		};
/* End PBXNativeTarget section */

/* Begin PBXProject section */
		A98E5BCE1AD5CB5100E05736 /* Project object */ = {
			isa = PBXProject;
			attributes = {
				LastUpgradeCheck = 0620;
				ORGANIZATIONNAME = Twig;
				TargetAttributes = {
					A98E5BD51AD5CB5100E05736 = {
						CreatedOnToolsVersion = 6.2;
						DevelopmentTeam = 83ABZJVET3;
						SystemCapabilities = {
							com.apple.iCloud = {
								enabled = 1;
							};
						};
					};
					A98E5BEA1AD5CB5100E05736 = {
						CreatedOnToolsVersion = 6.2;
						TestTargetID = A98E5BD51AD5CB5100E05736;
					};
				};
			};
			buildConfigurationList = A98E5BD11AD5CB5100E05736 /* Build configuration list for PBXProject "TaskIt" */;
			compatibilityVersion = "Xcode 3.2";
			developmentRegion = English;
			hasScannedForEncodings = 0;
			knownRegions = (
				en,
				Base,
			);
			mainGroup = A98E5BCD1AD5CB5100E05736;
			productRefGroup = A98E5BD71AD5CB5100E05736 /* Products */;
			projectDirPath = "";
			projectRoot = "";
			targets = (
				A98E5BD51AD5CB5100E05736 /* TaskIt */,
				A98E5BEA1AD5CB5100E05736 /* TaskItTests */,
			);
		};
/* End PBXProject section */

/* Begin PBXResourcesBuildPhase section */
		A98E5BD41AD5CB5100E05736 /* Resources */ = {
			isa = PBXResourcesBuildPhase;
			buildActionMask = 2147483647;
			files = (
				A98E5BE11AD5CB5100E05736 /* Main.storyboard in Resources */,
				A98E5BE61AD5CB5100E05736 /* LaunchScreen.xib in Resources */,
				A98E5BE31AD5CB5100E05736 /* Images.xcassets in Resources */,
			);
			runOnlyForDeploymentPostprocessing = 0;
		};
		A98E5BE91AD5CB5100E05736 /* Resources */ = {
			isa = PBXResourcesBuildPhase;
			buildActionMask = 2147483647;
			files = (
			);
			runOnlyForDeploymentPostprocessing = 0;
		};
/* End PBXResourcesBuildPhase section */

/* Begin PBXSourcesBuildPhase section */
		A98E5BD21AD5CB5100E05736 /* Sources */ = {
			isa = PBXSourcesBuildPhase;
			buildActionMask = 2147483647;
			files = (
				A98E5BDE1AD5CB5100E05736 /* ViewController.swift in Sources */,
				A970F2451AD94CCB00A534AD /* Date.swift in Sources */,
				A98E5BFC1AD5D7D300E05736 /* TaskCell.swift in Sources */,
				A98E5BDC1AD5CB5100E05736 /* AppDelegate.swift in Sources */,
				A98E5C001AD937DE00E05736 /* TaskDetailViewController.swift in Sources */,
				A970F2471AD9593D00A534AD /* AddTaskViewController.swift in Sources */,
				A971C04B1AE02A1E006252F2 /* TaskModel.swift in Sources */,
				A9B619221B120DBA003563E0 /* ModelManager.swift in Sources */,
				A971C0491AE029BE006252F2 /* TaskIt.xcdatamodeld in Sources */,
				A9FD06241B079F460082D334 /* SettingsViewController.swift in Sources */,
			);
			runOnlyForDeploymentPostprocessing = 0;
		};
		A98E5BE71AD5CB5100E05736 /* Sources */ = {
			isa = PBXSourcesBuildPhase;
			buildActionMask = 2147483647;
			files = (
				A98E5BF21AD5CB5100E05736 /* TaskItTests.swift in Sources */,
			);
			runOnlyForDeploymentPostprocessing = 0;
		};
/* End PBXSourcesBuildPhase section */

/* Begin PBXTargetDependency section */
		A98E5BED1AD5CB5100E05736 /* PBXTargetDependency */ = {
			isa = PBXTargetDependency;
			target = A98E5BD51AD5CB5100E05736 /* TaskIt */;
			targetProxy = A98E5BEC1AD5CB5100E05736 /* PBXContainerItemProxy */;
		};
/* End PBXTargetDependency section */

/* Begin PBXVariantGroup section */
		A98E5BDF1AD5CB5100E05736 /* Main.storyboard */ = {
			isa = PBXVariantGroup;
			children = (
				A98E5BE01AD5CB5100E05736 /* Base */,
			);
			name = Main.storyboard;
			sourceTree = "<group>";
		};
		A98E5BE41AD5CB5100E05736 /* LaunchScreen.xib */ = {
			isa = PBXVariantGroup;
			children = (
				A98E5BE51AD5CB5100E05736 /* Base */,
			);
			name = LaunchScreen.xib;
			sourceTree = "<group>";
		};
/* End PBXVariantGroup section */

/* Begin XCBuildConfiguration section */
		A98E5BF31AD5CB5100E05736 /* Debug */ = {
			isa = XCBuildConfiguration;
			buildSettings = {
				ALWAYS_SEARCH_USER_PATHS = NO;
				CLANG_CXX_LANGUAGE_STANDARD = "gnu++0x";
				CLANG_CXX_LIBRARY = "libc++";
				CLANG_ENABLE_MODULES = YES;
				CLANG_ENABLE_OBJC_ARC = YES;
				CLANG_WARN_BOOL_CONVERSION = YES;
				CLANG_WARN_CONSTANT_CONVERSION = YES;
				CLANG_WARN_DIRECT_OBJC_ISA_USAGE = YES_ERROR;
				CLANG_WARN_EMPTY_BODY = YES;
				CLANG_WARN_ENUM_CONVERSION = YES;
				CLANG_WARN_INT_CONVERSION = YES;
				CLANG_WARN_OBJC_ROOT_CLASS = YES_ERROR;
				CLANG_WARN_UNREACHABLE_CODE = YES;
				CLANG_WARN__DUPLICATE_METHOD_MATCH = YES;
				"CODE_SIGN_IDENTITY[sdk=iphoneos*]" = "iPhone Developer";
				COPY_PHASE_STRIP = NO;
				ENABLE_STRICT_OBJC_MSGSEND = YES;
				GCC_C_LANGUAGE_STANDARD = gnu99;
				GCC_DYNAMIC_NO_PIC = NO;
				GCC_OPTIMIZATION_LEVEL = 0;
				GCC_PREPROCESSOR_DEFINITIONS = (
					"DEBUG=1",
					"$(inherited)",
				);
				GCC_SYMBOLS_PRIVATE_EXTERN = NO;
				GCC_WARN_64_TO_32_BIT_CONVERSION = YES;
				GCC_WARN_ABOUT_RETURN_TYPE = YES_ERROR;
				GCC_WARN_UNDECLARED_SELECTOR = YES;
				GCC_WARN_UNINITIALIZED_AUTOS = YES_AGGRESSIVE;
				GCC_WARN_UNUSED_FUNCTION = YES;
				GCC_WARN_UNUSED_VARIABLE = YES;
				IPHONEOS_DEPLOYMENT_TARGET = 8.2;
				MTL_ENABLE_DEBUG_INFO = YES;
				ONLY_ACTIVE_ARCH = YES;
				SDKROOT = iphoneos;
				SWIFT_OPTIMIZATION_LEVEL = "-Onone";
				TARGETED_DEVICE_FAMILY = "1,2";
			};
			name = Debug;
		};
		A98E5BF41AD5CB5100E05736 /* Release */ = {
			isa = XCBuildConfiguration;
			buildSettings = {
				ALWAYS_SEARCH_USER_PATHS = NO;
				CLANG_CXX_LANGUAGE_STANDARD = "gnu++0x";
				CLANG_CXX_LIBRARY = "libc++";
				CLANG_ENABLE_MODULES = YES;
				CLANG_ENABLE_OBJC_ARC = YES;
				CLANG_WARN_BOOL_CONVERSION = YES;
				CLANG_WARN_CONSTANT_CONVERSION = YES;
				CLANG_WARN_DIRECT_OBJC_ISA_USAGE = YES_ERROR;
				CLANG_WARN_EMPTY_BODY = YES;
				CLANG_WARN_ENUM_CONVERSION = YES;
				CLANG_WARN_INT_CONVERSION = YES;
				CLANG_WARN_OBJC_ROOT_CLASS = YES_ERROR;
				CLANG_WARN_UNREACHABLE_CODE = YES;
				CLANG_WARN__DUPLICATE_METHOD_MATCH = YES;
				"CODE_SIGN_IDENTITY[sdk=iphoneos*]" = "iPhone Developer";
				COPY_PHASE_STRIP = NO;
				ENABLE_NS_ASSERTIONS = NO;
				ENABLE_STRICT_OBJC_MSGSEND = YES;
				GCC_C_LANGUAGE_STANDARD = gnu99;
				GCC_WARN_64_TO_32_BIT_CONVERSION = YES;
				GCC_WARN_ABOUT_RETURN_TYPE = YES_ERROR;
				GCC_WARN_UNDECLARED_SELECTOR = YES;
				GCC_WARN_UNINITIALIZED_AUTOS = YES_AGGRESSIVE;
				GCC_WARN_UNUSED_FUNCTION = YES;
				GCC_WARN_UNUSED_VARIABLE = YES;
				IPHONEOS_DEPLOYMENT_TARGET = 8.2;
				MTL_ENABLE_DEBUG_INFO = NO;
				SDKROOT = iphoneos;
				TARGETED_DEVICE_FAMILY = "1,2";
				VALIDATE_PRODUCT = YES;
			};
			name = Release;
		};
		A98E5BF61AD5CB5100E05736 /* Debug */ = {
			isa = XCBuildConfiguration;
			buildSettings = {
				ASSETCATALOG_COMPILER_APPICON_NAME = AppIcon;
				CODE_SIGN_ENTITLEMENTS = TaskIt/TaskIt.entitlements;
				CODE_SIGN_IDENTITY = "iPhone Developer";
				"CODE_SIGN_IDENTITY[sdk=iphoneos*]" = "iPhone Developer";
				GCC_NO_COMMON_BLOCKS = YES;
				INFOPLIST_FILE = TaskIt/Info.plist;
				IPHONEOS_DEPLOYMENT_TARGET = 8.0;
				LD_RUNPATH_SEARCH_PATHS = "$(inherited) @executable_path/Frameworks";
				PRODUCT_NAME = "$(TARGET_NAME)";
				PROVISIONING_PROFILE = "";
			};
			name = Debug;
		};
		A98E5BF71AD5CB5100E05736 /* Release */ = {
			isa = XCBuildConfiguration;
			buildSettings = {
				ASSETCATALOG_COMPILER_APPICON_NAME = AppIcon;
				CODE_SIGN_ENTITLEMENTS = TaskIt/TaskIt.entitlements;
				CODE_SIGN_IDENTITY = "iPhone Developer";
				"CODE_SIGN_IDENTITY[sdk=iphoneos*]" = "iPhone Developer";
				GCC_NO_COMMON_BLOCKS = YES;
				INFOPLIST_FILE = TaskIt/Info.plist;
				IPHONEOS_DEPLOYMENT_TARGET = 8.0;
				LD_RUNPATH_SEARCH_PATHS = "$(inherited) @executable_path/Frameworks";
				PRODUCT_NAME = "$(TARGET_NAME)";
				PROVISIONING_PROFILE = "";
			};
			name = Release;
		};
		A98E5BF91AD5CB5100E05736 /* Debug */ = {
			isa = XCBuildConfiguration;
			buildSettings = {
				BUNDLE_LOADER = "$(TEST_HOST)";
				FRAMEWORK_SEARCH_PATHS = (
					"$(SDKROOT)/Developer/Library/Frameworks",
					"$(inherited)",
				);
				GCC_PREPROCESSOR_DEFINITIONS = (
					"DEBUG=1",
					"$(inherited)",
				);
				INFOPLIST_FILE = TaskItTests/Info.plist;
				LD_RUNPATH_SEARCH_PATHS = "$(inherited) @executable_path/Frameworks @loader_path/Frameworks";
				PRODUCT_NAME = "$(TARGET_NAME)";
				TEST_HOST = "$(BUILT_PRODUCTS_DIR)/TaskIt.app/TaskIt";
			};
			name = Debug;
		};
		A98E5BFA1AD5CB5100E05736 /* Release */ = {
			isa = XCBuildConfiguration;
			buildSettings = {
				BUNDLE_LOADER = "$(TEST_HOST)";
				FRAMEWORK_SEARCH_PATHS = (
					"$(SDKROOT)/Developer/Library/Frameworks",
					"$(inherited)",
				);
				INFOPLIST_FILE = TaskItTests/Info.plist;
				LD_RUNPATH_SEARCH_PATHS = "$(inherited) @executable_path/Frameworks @loader_path/Frameworks";
				PRODUCT_NAME = "$(TARGET_NAME)";
				TEST_HOST = "$(BUILT_PRODUCTS_DIR)/TaskIt.app/TaskIt";
			};
			name = Release;
		};
/* End XCBuildConfiguration section */

/* Begin XCConfigurationList section */
		A98E5BD11AD5CB5100E05736 /* Build configuration list for PBXProject "TaskIt" */ = {
			isa = XCConfigurationList;
			buildConfigurations = (
				A98E5BF31AD5CB5100E05736 /* Debug */,
				A98E5BF41AD5CB5100E05736 /* Release */,
			);
			defaultConfigurationIsVisible = 0;
			defaultConfigurationName = Release;
		};
		A98E5BF51AD5CB5100E05736 /* Build configuration list for PBXNativeTarget "TaskIt" */ = {
			isa = XCConfigurationList;
			buildConfigurations = (
				A98E5BF61AD5CB5100E05736 /* Debug */,
				A98E5BF71AD5CB5100E05736 /* Release */,
			);
			defaultConfigurationIsVisible = 0;
			defaultConfigurationName = Release;
		};
		A98E5BF81AD5CB5100E05736 /* Build configuration list for PBXNativeTarget "TaskItTests" */ = {
			isa = XCConfigurationList;
			buildConfigurations = (
				A98E5BF91AD5CB5100E05736 /* Debug */,
				A98E5BFA1AD5CB5100E05736 /* Release */,
			);
			defaultConfigurationIsVisible = 0;
			defaultConfigurationName = Release;
		};
/* End XCConfigurationList section */

/* Begin XCVersionGroup section */
		A971C0471AE029BE006252F2 /* TaskIt.xcdatamodeld */ = {
			isa = XCVersionGroup;
			children = (
				A971C0481AE029BE006252F2 /* TaskIt.xcdatamodel */,
			);
			currentVersion = A971C0481AE029BE006252F2 /* TaskIt.xcdatamodel */;
			path = TaskIt.xcdatamodeld;
			sourceTree = "<group>";
			versionGroupType = wrapper.xcdatamodel;
		};
/* End XCVersionGroup section */
	};
	rootObject = A98E5BCE1AD5CB5100E05736 /* Project object */;
}
